// !$*UTF8*$!
{
	archiveVersion = 1;
	classes = {
	};
	objectVersion = 51;
	objects = {

/* Begin PBXBuildFile section */
		6D09495C24303E6100633AB4 /* ForgotPasswordViewController.swift in Sources */ = {isa = PBXBuildFile; fileRef = 6D09495B24303E6100633AB4 /* ForgotPasswordViewController.swift */; };
		6D15F91424359B0600221E22 /* AboutDogViewController.swift in Sources */ = {isa = PBXBuildFile; fileRef = 6D15F91324359B0600221E22 /* AboutDogViewController.swift */; };
		6D8392F32416B95A00398C3C /* AppDelegate.swift in Sources */ = {isa = PBXBuildFile; fileRef = 6D8392F22416B95A00398C3C /* AppDelegate.swift */; };
		6D8392F52416B95A00398C3C /* SceneDelegate.swift in Sources */ = {isa = PBXBuildFile; fileRef = 6D8392F42416B95A00398C3C /* SceneDelegate.swift */; };
		6D8392FA2416B95A00398C3C /* Main.storyboard in Resources */ = {isa = PBXBuildFile; fileRef = 6D8392F82416B95A00398C3C /* Main.storyboard */; };
		6D8392FC2416B95E00398C3C /* Assets.xcassets in Resources */ = {isa = PBXBuildFile; fileRef = 6D8392FB2416B95E00398C3C /* Assets.xcassets */; };
		6D8392FF2416B95E00398C3C /* LaunchScreen.storyboard in Resources */ = {isa = PBXBuildFile; fileRef = 6D8392FD2416B95E00398C3C /* LaunchScreen.storyboard */; };
		6D8576CD24194DD6007E0A74 /* Person.swift in Sources */ = {isa = PBXBuildFile; fileRef = 6D8576CC24194DD6007E0A74 /* Person.swift */; };
		6D8576CF24194DEB007E0A74 /* Dog.swift in Sources */ = {isa = PBXBuildFile; fileRef = 6D8576CE24194DEB007E0A74 /* Dog.swift */; };
		6D8576D224195476007E0A74 /* DogPark.swift in Sources */ = {isa = PBXBuildFile; fileRef = 6D8576D124195476007E0A74 /* DogPark.swift */; };
		6D8576D42419548A007E0A74 /* CheckIn.swift in Sources */ = {isa = PBXBuildFile; fileRef = 6D8576D32419548A007E0A74 /* CheckIn.swift */; };
		6D8576D624195553007E0A74 /* PersonController.swift in Sources */ = {isa = PBXBuildFile; fileRef = 6D8576D524195553007E0A74 /* PersonController.swift */; };
		6D8576D82419555A007E0A74 /* DogController.swift in Sources */ = {isa = PBXBuildFile; fileRef = 6D8576D72419555A007E0A74 /* DogController.swift */; };
		6D8576DA24195564007E0A74 /* DogParkController.swift in Sources */ = {isa = PBXBuildFile; fileRef = 6D8576D924195564007E0A74 /* DogParkController.swift */; };
		6D8576DC2419556E007E0A74 /* CheckInController.swift in Sources */ = {isa = PBXBuildFile; fileRef = 6D8576DB2419556E007E0A74 /* CheckInController.swift */; };
		6DBA9F4B2417E4FD0087002F /* GoogleService-Info.plist in Resources */ = {isa = PBXBuildFile; fileRef = 6DBA9F4A2417E4FC0087002F /* GoogleService-Info.plist */; };
		6DBA9F4D2417ED3A0087002F /* StyleGuide.swift in Sources */ = {isa = PBXBuildFile; fileRef = 6DBA9F4C2417ED3A0087002F /* StyleGuide.swift */; };
		6DBA9F4F2417EF380087002F /* LoginUtility.swift in Sources */ = {isa = PBXBuildFile; fileRef = 6DBA9F4E2417EF380087002F /* LoginUtility.swift */; };
		6DBA9F512417F0F50087002F /* LogInViewController.swift in Sources */ = {isa = PBXBuildFile; fileRef = 6DBA9F502417F0F50087002F /* LogInViewController.swift */; };
		6DBA9F532417F15A0087002F /* SignUpViewController.swift in Sources */ = {isa = PBXBuildFile; fileRef = 6DBA9F522417F15A0087002F /* SignUpViewController.swift */; };
		6DBA9F552417F3940087002F /* LandingViewController.swift in Sources */ = {isa = PBXBuildFile; fileRef = 6DBA9F542417F3940087002F /* LandingViewController.swift */; };
		6DBA9F592417FBAA0087002F /* Constants.swift in Sources */ = {isa = PBXBuildFile; fileRef = 6DBA9F582417FBAA0087002F /* Constants.swift */; };
		6DBA9F5B2417FC1C0087002F /* HomeViewController.swift in Sources */ = {isa = PBXBuildFile; fileRef = 6DBA9F5A2417FC1C0087002F /* HomeViewController.swift */; };
		6DBA9F5E24182D240087002F /* FirebaseNetworking.swift in Sources */ = {isa = PBXBuildFile; fileRef = 6DBA9F5D24182D240087002F /* FirebaseNetworking.swift */; };
		6DDCCCE12433D92E00892A8B /* SignUpEmailPassViewController.swift in Sources */ = {isa = PBXBuildFile; fileRef = 6DDCCCE02433D92E00892A8B /* SignUpEmailPassViewController.swift */; };
		6DDCCCE32433E3D700892A8B /* SignupUtility.swift in Sources */ = {isa = PBXBuildFile; fileRef = 6DDCCCE22433E3D700892A8B /* SignupUtility.swift */; };
		6DDCCCE62434066800892A8B /* UIViewControllerExtension.swift in Sources */ = {isa = PBXBuildFile; fileRef = 6DDCCCE52434066800892A8B /* UIViewControllerExtension.swift */; };
		6DDCCCE82434072100892A8B /* PasswordResetSentViewController.swift in Sources */ = {isa = PBXBuildFile; fileRef = 6DDCCCE72434072100892A8B /* PasswordResetSentViewController.swift */; };
		E028947B13E8A55FC54C126A /* Pods_Zoomies.framework in Frameworks */ = {isa = PBXBuildFile; fileRef = 3F50C102DCAAA7FC7ABFBB3C /* Pods_Zoomies.framework */; };
/* End PBXBuildFile section */

/* Begin PBXFileReference section */
		3F50C102DCAAA7FC7ABFBB3C /* Pods_Zoomies.framework */ = {isa = PBXFileReference; explicitFileType = wrapper.framework; includeInIndex = 0; path = Pods_Zoomies.framework; sourceTree = BUILT_PRODUCTS_DIR; };
		556020C5CEF3D7E1030635C2 /* Pods-Zoomies.debug.xcconfig */ = {isa = PBXFileReference; includeInIndex = 1; lastKnownFileType = text.xcconfig; name = "Pods-Zoomies.debug.xcconfig"; path = "Target Support Files/Pods-Zoomies/Pods-Zoomies.debug.xcconfig"; sourceTree = "<group>"; };
		6D09495B24303E6100633AB4 /* ForgotPasswordViewController.swift */ = {isa = PBXFileReference; lastKnownFileType = sourcecode.swift; path = ForgotPasswordViewController.swift; sourceTree = "<group>"; };
		6D15F91324359B0600221E22 /* AboutDogViewController.swift */ = {isa = PBXFileReference; lastKnownFileType = sourcecode.swift; path = AboutDogViewController.swift; sourceTree = "<group>"; };
		6D8392EF2416B95A00398C3C /* Zoomies.app */ = {isa = PBXFileReference; explicitFileType = wrapper.application; includeInIndex = 0; path = Zoomies.app; sourceTree = BUILT_PRODUCTS_DIR; };
		6D8392F22416B95A00398C3C /* AppDelegate.swift */ = {isa = PBXFileReference; lastKnownFileType = sourcecode.swift; path = AppDelegate.swift; sourceTree = "<group>"; };
		6D8392F42416B95A00398C3C /* SceneDelegate.swift */ = {isa = PBXFileReference; lastKnownFileType = sourcecode.swift; path = SceneDelegate.swift; sourceTree = "<group>"; };
		6D8392F92416B95A00398C3C /* Base */ = {isa = PBXFileReference; lastKnownFileType = file.storyboard; name = Base; path = Base.lproj/Main.storyboard; sourceTree = "<group>"; };
		6D8392FB2416B95E00398C3C /* Assets.xcassets */ = {isa = PBXFileReference; lastKnownFileType = folder.assetcatalog; path = Assets.xcassets; sourceTree = "<group>"; };
		6D8392FE2416B95E00398C3C /* Base */ = {isa = PBXFileReference; lastKnownFileType = file.storyboard; name = Base; path = Base.lproj/LaunchScreen.storyboard; sourceTree = "<group>"; };
		6D8393002416B95E00398C3C /* Info.plist */ = {isa = PBXFileReference; lastKnownFileType = text.plist.xml; path = Info.plist; sourceTree = "<group>"; };
		6D8576CC24194DD6007E0A74 /* Person.swift */ = {isa = PBXFileReference; lastKnownFileType = sourcecode.swift; path = Person.swift; sourceTree = "<group>"; };
		6D8576CE24194DEB007E0A74 /* Dog.swift */ = {isa = PBXFileReference; lastKnownFileType = sourcecode.swift; path = Dog.swift; sourceTree = "<group>"; };
		6D8576D124195476007E0A74 /* DogPark.swift */ = {isa = PBXFileReference; lastKnownFileType = sourcecode.swift; path = DogPark.swift; sourceTree = "<group>"; };
		6D8576D32419548A007E0A74 /* CheckIn.swift */ = {isa = PBXFileReference; lastKnownFileType = sourcecode.swift; path = CheckIn.swift; sourceTree = "<group>"; };
		6D8576D524195553007E0A74 /* PersonController.swift */ = {isa = PBXFileReference; lastKnownFileType = sourcecode.swift; path = PersonController.swift; sourceTree = "<group>"; };
		6D8576D72419555A007E0A74 /* DogController.swift */ = {isa = PBXFileReference; lastKnownFileType = sourcecode.swift; path = DogController.swift; sourceTree = "<group>"; };
		6D8576D924195564007E0A74 /* DogParkController.swift */ = {isa = PBXFileReference; lastKnownFileType = sourcecode.swift; path = DogParkController.swift; sourceTree = "<group>"; };
		6D8576DB2419556E007E0A74 /* CheckInController.swift */ = {isa = PBXFileReference; lastKnownFileType = sourcecode.swift; path = CheckInController.swift; sourceTree = "<group>"; };
		6DBA9F4A2417E4FC0087002F /* GoogleService-Info.plist */ = {isa = PBXFileReference; fileEncoding = 4; lastKnownFileType = text.plist.xml; path = "GoogleService-Info.plist"; sourceTree = "<group>"; };
		6DBA9F4C2417ED3A0087002F /* StyleGuide.swift */ = {isa = PBXFileReference; lastKnownFileType = sourcecode.swift; path = StyleGuide.swift; sourceTree = "<group>"; };
		6DBA9F4E2417EF380087002F /* LoginUtility.swift */ = {isa = PBXFileReference; lastKnownFileType = sourcecode.swift; path = LoginUtility.swift; sourceTree = "<group>"; };
		6DBA9F502417F0F50087002F /* LogInViewController.swift */ = {isa = PBXFileReference; lastKnownFileType = sourcecode.swift; path = LogInViewController.swift; sourceTree = "<group>"; };
		6DBA9F522417F15A0087002F /* SignUpViewController.swift */ = {isa = PBXFileReference; lastKnownFileType = sourcecode.swift; path = SignUpViewController.swift; sourceTree = "<group>"; };
		6DBA9F542417F3940087002F /* LandingViewController.swift */ = {isa = PBXFileReference; lastKnownFileType = sourcecode.swift; path = LandingViewController.swift; sourceTree = "<group>"; };
		6DBA9F582417FBAA0087002F /* Constants.swift */ = {isa = PBXFileReference; lastKnownFileType = sourcecode.swift; path = Constants.swift; sourceTree = "<group>"; };
		6DBA9F5A2417FC1C0087002F /* HomeViewController.swift */ = {isa = PBXFileReference; lastKnownFileType = sourcecode.swift; path = HomeViewController.swift; sourceTree = "<group>"; };
		6DBA9F5D24182D240087002F /* FirebaseNetworking.swift */ = {isa = PBXFileReference; lastKnownFileType = sourcecode.swift; path = FirebaseNetworking.swift; sourceTree = "<group>"; };
		6DDCCCE02433D92E00892A8B /* SignUpEmailPassViewController.swift */ = {isa = PBXFileReference; lastKnownFileType = sourcecode.swift; path = SignUpEmailPassViewController.swift; sourceTree = "<group>"; };
		6DDCCCE22433E3D700892A8B /* SignupUtility.swift */ = {isa = PBXFileReference; lastKnownFileType = sourcecode.swift; path = SignupUtility.swift; sourceTree = "<group>"; };
		6DDCCCE52434066800892A8B /* UIViewControllerExtension.swift */ = {isa = PBXFileReference; lastKnownFileType = sourcecode.swift; path = UIViewControllerExtension.swift; sourceTree = "<group>"; };
		6DDCCCE72434072100892A8B /* PasswordResetSentViewController.swift */ = {isa = PBXFileReference; lastKnownFileType = sourcecode.swift; path = PasswordResetSentViewController.swift; sourceTree = "<group>"; };
		97612753EA6FAD1A0C35BFA1 /* Pods-Zoomies.release.xcconfig */ = {isa = PBXFileReference; includeInIndex = 1; lastKnownFileType = text.xcconfig; name = "Pods-Zoomies.release.xcconfig"; path = "Target Support Files/Pods-Zoomies/Pods-Zoomies.release.xcconfig"; sourceTree = "<group>"; };
/* End PBXFileReference section */

/* Begin PBXFrameworksBuildPhase section */
		6D8392EC2416B95A00398C3C /* Frameworks */ = {
			isa = PBXFrameworksBuildPhase;
			buildActionMask = 2147483647;
			files = (
				E028947B13E8A55FC54C126A /* Pods_Zoomies.framework in Frameworks */,
			);
			runOnlyForDeploymentPostprocessing = 0;
		};
/* End PBXFrameworksBuildPhase section */

/* Begin PBXGroup section */
		6D3C17038D531937F3FD8C67 /* Pods */ = {
			isa = PBXGroup;
			children = (
				556020C5CEF3D7E1030635C2 /* Pods-Zoomies.debug.xcconfig */,
				97612753EA6FAD1A0C35BFA1 /* Pods-Zoomies.release.xcconfig */,
			);
			path = Pods;
			sourceTree = "<group>";
		};
		6D8392E62416B95A00398C3C = {
			isa = PBXGroup;
			children = (
				6D8392F12416B95A00398C3C /* Zoomies */,
				6D8392F02416B95A00398C3C /* Products */,
				6D3C17038D531937F3FD8C67 /* Pods */,
				DD89A87F4FA4DC1E2F48C726 /* Frameworks */,
			);
			sourceTree = "<group>";
		};
		6D8392F02416B95A00398C3C /* Products */ = {
			isa = PBXGroup;
			children = (
				6D8392EF2416B95A00398C3C /* Zoomies.app */,
			);
			name = Products;
			sourceTree = "<group>";
		};
		6D8392F12416B95A00398C3C /* Zoomies */ = {
			isa = PBXGroup;
			children = (
				6D8393082416BB1300398C3C /* Models */,
				6D8393092416BB1A00398C3C /* Views */,
				6D83930A2416BB1E00398C3C /* Controllers */,
				6D83930F2416BB5600398C3C /* Utilities */,
				6D8393072416BB0900398C3C /* Resources */,
			);
			path = Zoomies;
			sourceTree = "<group>";
		};
		6D8393062416BAFB00398C3C /* Storyboards */ = {
			isa = PBXGroup;
			children = (
				6D8392F82416B95A00398C3C /* Main.storyboard */,
				6D8392FD2416B95E00398C3C /* LaunchScreen.storyboard */,
			);
			path = Storyboards;
			sourceTree = "<group>";
		};
		6D8393072416BB0900398C3C /* Resources */ = {
			isa = PBXGroup;
			children = (
				6D8392F22416B95A00398C3C /* AppDelegate.swift */,
				6D8392F42416B95A00398C3C /* SceneDelegate.swift */,
				6D8392FB2416B95E00398C3C /* Assets.xcassets */,
				6DBA9F4A2417E4FC0087002F /* GoogleService-Info.plist */,
				6D8393002416B95E00398C3C /* Info.plist */,
			);
			path = Resources;
			sourceTree = "<group>";
		};
		6D8393082416BB1300398C3C /* Models */ = {
			isa = PBXGroup;
			children = (
				6D8576CC24194DD6007E0A74 /* Person.swift */,
				6D8576CE24194DEB007E0A74 /* Dog.swift */,
				6D8576D124195476007E0A74 /* DogPark.swift */,
				6D8576D32419548A007E0A74 /* CheckIn.swift */,
			);
			path = Models;
			sourceTree = "<group>";
		};
		6D8393092416BB1A00398C3C /* Views */ = {
			isa = PBXGroup;
			children = (
				6D8393062416BAFB00398C3C /* Storyboards */,
				6D83930E2416BB4400398C3C /* CustomCells */,
				6D83930D2416BB3600398C3C /* CustomViews */,
			);
			path = Views;
			sourceTree = "<group>";
		};
		6D83930A2416BB1E00398C3C /* Controllers */ = {
			isa = PBXGroup;
			children = (
				6D83930C2416BB3200398C3C /* ModelControllers */,
				6D83930B2416BB2900398C3C /* ViewControllers */,
			);
			path = Controllers;
			sourceTree = "<group>";
		};
		6D83930B2416BB2900398C3C /* ViewControllers */ = {
			isa = PBXGroup;
			children = (
				6DBA9F542417F3940087002F /* LandingViewController.swift */,
				6DBA9F522417F15A0087002F /* SignUpViewController.swift */,
				6DDCCCE02433D92E00892A8B /* SignUpEmailPassViewController.swift */,
				6DBA9F502417F0F50087002F /* LogInViewController.swift */,
				6DBA9F5A2417FC1C0087002F /* HomeViewController.swift */,
				6D09495B24303E6100633AB4 /* ForgotPasswordViewController.swift */,
				6DDCCCE72434072100892A8B /* PasswordResetSentViewController.swift */,
				6D15F91324359B0600221E22 /* AboutDogViewController.swift */,
			);
			path = ViewControllers;
			sourceTree = "<group>";
		};
		6D83930C2416BB3200398C3C /* ModelControllers */ = {
			isa = PBXGroup;
			children = (
				6D8576D524195553007E0A74 /* PersonController.swift */,
				6D8576D72419555A007E0A74 /* DogController.swift */,
				6D8576D924195564007E0A74 /* DogParkController.swift */,
				6D8576DB2419556E007E0A74 /* CheckInController.swift */,
			);
			path = ModelControllers;
			sourceTree = "<group>";
		};
		6D83930D2416BB3600398C3C /* CustomViews */ = {
			isa = PBXGroup;
			children = (
			);
			path = CustomViews;
			sourceTree = "<group>";
		};
		6D83930E2416BB4400398C3C /* CustomCells */ = {
			isa = PBXGroup;
			children = (
			);
			path = CustomCells;
			sourceTree = "<group>";
		};
		6D83930F2416BB5600398C3C /* Utilities */ = {
			isa = PBXGroup;
			children = (
				6DDCCCE42434065400892A8B /* Extensions */,
				6DBA9F5C24182D110087002F /* Networking */,
				6DBA9F4C2417ED3A0087002F /* StyleGuide.swift */,
				6DBA9F4E2417EF380087002F /* LoginUtility.swift */,
				6DBA9F582417FBAA0087002F /* Constants.swift */,
				6DDCCCE22433E3D700892A8B /* SignupUtility.swift */,
			);
			path = Utilities;
			sourceTree = "<group>";
		};
		6DBA9F5C24182D110087002F /* Networking */ = {
			isa = PBXGroup;
			children = (
				6DBA9F5D24182D240087002F /* FirebaseNetworking.swift */,
			);
			path = Networking;
			sourceTree = "<group>";
		};
		6DDCCCE42434065400892A8B /* Extensions */ = {
			isa = PBXGroup;
			children = (
				6DDCCCE52434066800892A8B /* UIViewControllerExtension.swift */,
			);
			path = Extensions;
			sourceTree = "<group>";
		};
		DD89A87F4FA4DC1E2F48C726 /* Frameworks */ = {
			isa = PBXGroup;
			children = (
				3F50C102DCAAA7FC7ABFBB3C /* Pods_Zoomies.framework */,
			);
			name = Frameworks;
			sourceTree = "<group>";
		};
/* End PBXGroup section */

/* Begin PBXNativeTarget section */
		6D8392EE2416B95A00398C3C /* Zoomies */ = {
			isa = PBXNativeTarget;
			buildConfigurationList = 6D8393032416B95E00398C3C /* Build configuration list for PBXNativeTarget "Zoomies" */;
			buildPhases = (
				E4ADD583545D2CC06495706B /* [CP] Check Pods Manifest.lock */,
				6D8392EB2416B95A00398C3C /* Sources */,
				6D8392EC2416B95A00398C3C /* Frameworks */,
				6D8392ED2416B95A00398C3C /* Resources */,
				B1587F455698C75D4B8198AF /* [CP] Embed Pods Frameworks */,
			);
			buildRules = (
			);
			dependencies = (
			);
			name = Zoomies;
			productName = Zoomies;
			productReference = 6D8392EF2416B95A00398C3C /* Zoomies.app */;
			productType = "com.apple.product-type.application";
		};
/* End PBXNativeTarget section */

/* Begin PBXProject section */
		6D8392E72416B95A00398C3C /* Project object */ = {
			isa = PBXProject;
			attributes = {
				LastSwiftUpdateCheck = 1130;
				LastUpgradeCheck = 1130;
				ORGANIZATIONNAME = "Jon Corn";
				TargetAttributes = {
					6D8392EE2416B95A00398C3C = {
						CreatedOnToolsVersion = 11.3.1;
					};
				};
			};
			buildConfigurationList = 6D8392EA2416B95A00398C3C /* Build configuration list for PBXProject "Zoomies" */;
			compatibilityVersion = "Xcode 9.3";
			developmentRegion = en;
			hasScannedForEncodings = 0;
			knownRegions = (
				en,
				Base,
			);
			mainGroup = 6D8392E62416B95A00398C3C;
			productRefGroup = 6D8392F02416B95A00398C3C /* Products */;
			projectDirPath = "";
			projectRoot = "";
			targets = (
				6D8392EE2416B95A00398C3C /* Zoomies */,
			);
		};
/* End PBXProject section */

/* Begin PBXResourcesBuildPhase section */
		6D8392ED2416B95A00398C3C /* Resources */ = {
			isa = PBXResourcesBuildPhase;
			buildActionMask = 2147483647;
			files = (
				6D8392FF2416B95E00398C3C /* LaunchScreen.storyboard in Resources */,
				6DBA9F4B2417E4FD0087002F /* GoogleService-Info.plist in Resources */,
				6D8392FC2416B95E00398C3C /* Assets.xcassets in Resources */,
				6D8392FA2416B95A00398C3C /* Main.storyboard in Resources */,
			);
			runOnlyForDeploymentPostprocessing = 0;
		};
/* End PBXResourcesBuildPhase section */

/* Begin PBXShellScriptBuildPhase section */
		B1587F455698C75D4B8198AF /* [CP] Embed Pods Frameworks */ = {
			isa = PBXShellScriptBuildPhase;
			buildActionMask = 2147483647;
			files = (
			);
			inputFileListPaths = (
				"${PODS_ROOT}/Target Support Files/Pods-Zoomies/Pods-Zoomies-frameworks-${CONFIGURATION}-input-files.xcfilelist",
			);
			name = "[CP] Embed Pods Frameworks";
			outputFileListPaths = (
				"${PODS_ROOT}/Target Support Files/Pods-Zoomies/Pods-Zoomies-frameworks-${CONFIGURATION}-output-files.xcfilelist",
			);
			runOnlyForDeploymentPostprocessing = 0;
			shellPath = /bin/sh;
			shellScript = "\"${PODS_ROOT}/Target Support Files/Pods-Zoomies/Pods-Zoomies-frameworks.sh\"\n";
			showEnvVarsInLog = 0;
		};
		E4ADD583545D2CC06495706B /* [CP] Check Pods Manifest.lock */ = {
			isa = PBXShellScriptBuildPhase;
			buildActionMask = 2147483647;
			files = (
			);
			inputFileListPaths = (
			);
			inputPaths = (
				"${PODS_PODFILE_DIR_PATH}/Podfile.lock",
				"${PODS_ROOT}/Manifest.lock",
			);
			name = "[CP] Check Pods Manifest.lock";
			outputFileListPaths = (
			);
			outputPaths = (
				"$(DERIVED_FILE_DIR)/Pods-Zoomies-checkManifestLockResult.txt",
			);
			runOnlyForDeploymentPostprocessing = 0;
			shellPath = /bin/sh;
			shellScript = "diff \"${PODS_PODFILE_DIR_PATH}/Podfile.lock\" \"${PODS_ROOT}/Manifest.lock\" > /dev/null\nif [ $? != 0 ] ; then\n    # print error to STDERR\n    echo \"error: The sandbox is not in sync with the Podfile.lock. Run 'pod install' or update your CocoaPods installation.\" >&2\n    exit 1\nfi\n# This output is used by Xcode 'outputs' to avoid re-running this script phase.\necho \"SUCCESS\" > \"${SCRIPT_OUTPUT_FILE_0}\"\n";
			showEnvVarsInLog = 0;
		};
/* End PBXShellScriptBuildPhase section */

/* Begin PBXSourcesBuildPhase section */
		6D8392EB2416B95A00398C3C /* Sources */ = {
			isa = PBXSourcesBuildPhase;
			buildActionMask = 2147483647;
			files = (
				6DBA9F532417F15A0087002F /* SignUpViewController.swift in Sources */,
				6DDCCCE32433E3D700892A8B /* SignupUtility.swift in Sources */,
				6DBA9F552417F3940087002F /* LandingViewController.swift in Sources */,
				6D15F91424359B0600221E22 /* AboutDogViewController.swift in Sources */,
				6DDCCCE82434072100892A8B /* PasswordResetSentViewController.swift in Sources */,
				6D8576CF24194DEB007E0A74 /* Dog.swift in Sources */,
				6D8392F32416B95A00398C3C /* AppDelegate.swift in Sources */,
				6D8392F52416B95A00398C3C /* SceneDelegate.swift in Sources */,
				6D8576D42419548A007E0A74 /* CheckIn.swift in Sources */,
				6D8576CD24194DD6007E0A74 /* Person.swift in Sources */,
				6D09495C24303E6100633AB4 /* ForgotPasswordViewController.swift in Sources */,
				6DBA9F5E24182D240087002F /* FirebaseNetworking.swift in Sources */,
				6DBA9F4F2417EF380087002F /* LoginUtility.swift in Sources */,
				6DBA9F5B2417FC1C0087002F /* HomeViewController.swift in Sources */,
				6DBA9F512417F0F50087002F /* LogInViewController.swift in Sources */,
				6DBA9F4D2417ED3A0087002F /* StyleGuide.swift in Sources */,
				6D8576DA24195564007E0A74 /* DogParkController.swift in Sources */,
				6D8576D82419555A007E0A74 /* DogController.swift in Sources */,
				6DBA9F592417FBAA0087002F /* Constants.swift in Sources */,
				6D8576D624195553007E0A74 /* PersonController.swift in Sources */,
				6D8576D224195476007E0A74 /* DogPark.swift in Sources */,
				6DDCCCE12433D92E00892A8B /* SignUpEmailPassViewController.swift in Sources */,
				6DDCCCE62434066800892A8B /* UIViewControllerExtension.swift in Sources */,
				6D8576DC2419556E007E0A74 /* CheckInController.swift in Sources */,
			);
			runOnlyForDeploymentPostprocessing = 0;
		};
/* End PBXSourcesBuildPhase section */

/* Begin PBXVariantGroup section */
		6D8392F82416B95A00398C3C /* Main.storyboard */ = {
			isa = PBXVariantGroup;
			children = (
				6D8392F92416B95A00398C3C /* Base */,
			);
			name = Main.storyboard;
			sourceTree = "<group>";
		};
		6D8392FD2416B95E00398C3C /* LaunchScreen.storyboard */ = {
			isa = PBXVariantGroup;
			children = (
				6D8392FE2416B95E00398C3C /* Base */,
			);
			name = LaunchScreen.storyboard;
			sourceTree = "<group>";
		};
/* End PBXVariantGroup section */

/* Begin XCBuildConfiguration section */
		6D8393012416B95E00398C3C /* Debug */ = {
			isa = XCBuildConfiguration;
			buildSettings = {
				ALWAYS_SEARCH_USER_PATHS = NO;
				CLANG_ANALYZER_NONNULL = YES;
				CLANG_ANALYZER_NUMBER_OBJECT_CONVERSION = YES_AGGRESSIVE;
				CLANG_CXX_LANGUAGE_STANDARD = "gnu++14";
				CLANG_CXX_LIBRARY = "libc++";
				CLANG_ENABLE_MODULES = YES;
				CLANG_ENABLE_OBJC_ARC = YES;
				CLANG_ENABLE_OBJC_WEAK = YES;
				CLANG_WARN_BLOCK_CAPTURE_AUTORELEASING = YES;
				CLANG_WARN_BOOL_CONVERSION = YES;
				CLANG_WARN_COMMA = YES;
				CLANG_WARN_CONSTANT_CONVERSION = YES;
				CLANG_WARN_DEPRECATED_OBJC_IMPLEMENTATIONS = YES;
				CLANG_WARN_DIRECT_OBJC_ISA_USAGE = YES_ERROR;
				CLANG_WARN_DOCUMENTATION_COMMENTS = YES;
				CLANG_WARN_EMPTY_BODY = YES;
				CLANG_WARN_ENUM_CONVERSION = YES;
				CLANG_WARN_INFINITE_RECURSION = YES;
				CLANG_WARN_INT_CONVERSION = YES;
				CLANG_WARN_NON_LITERAL_NULL_CONVERSION = YES;
				CLANG_WARN_OBJC_IMPLICIT_RETAIN_SELF = YES;
				CLANG_WARN_OBJC_LITERAL_CONVERSION = YES;
				CLANG_WARN_OBJC_ROOT_CLASS = YES_ERROR;
				CLANG_WARN_RANGE_LOOP_ANALYSIS = YES;
				CLANG_WARN_STRICT_PROTOTYPES = YES;
				CLANG_WARN_SUSPICIOUS_MOVE = YES;
				CLANG_WARN_UNGUARDED_AVAILABILITY = YES_AGGRESSIVE;
				CLANG_WARN_UNREACHABLE_CODE = YES;
				CLANG_WARN__DUPLICATE_METHOD_MATCH = YES;
				COPY_PHASE_STRIP = NO;
				DEBUG_INFORMATION_FORMAT = dwarf;
				ENABLE_STRICT_OBJC_MSGSEND = YES;
				ENABLE_TESTABILITY = YES;
				GCC_C_LANGUAGE_STANDARD = gnu11;
				GCC_DYNAMIC_NO_PIC = NO;
				GCC_NO_COMMON_BLOCKS = YES;
				GCC_OPTIMIZATION_LEVEL = 0;
				GCC_PREPROCESSOR_DEFINITIONS = (
					"DEBUG=1",
					"$(inherited)",
				);
				GCC_WARN_64_TO_32_BIT_CONVERSION = YES;
				GCC_WARN_ABOUT_RETURN_TYPE = YES_ERROR;
				GCC_WARN_UNDECLARED_SELECTOR = YES;
				GCC_WARN_UNINITIALIZED_AUTOS = YES_AGGRESSIVE;
				GCC_WARN_UNUSED_FUNCTION = YES;
				GCC_WARN_UNUSED_VARIABLE = YES;
				IPHONEOS_DEPLOYMENT_TARGET = 13.2;
				MTL_ENABLE_DEBUG_INFO = INCLUDE_SOURCE;
				MTL_FAST_MATH = YES;
				ONLY_ACTIVE_ARCH = YES;
				SDKROOT = iphoneos;
				SWIFT_ACTIVE_COMPILATION_CONDITIONS = DEBUG;
				SWIFT_OPTIMIZATION_LEVEL = "-Onone";
			};
			name = Debug;
		};
		6D8393022416B95E00398C3C /* Release */ = {
			isa = XCBuildConfiguration;
			buildSettings = {
				ALWAYS_SEARCH_USER_PATHS = NO;
				CLANG_ANALYZER_NONNULL = YES;
				CLANG_ANALYZER_NUMBER_OBJECT_CONVERSION = YES_AGGRESSIVE;
				CLANG_CXX_LANGUAGE_STANDARD = "gnu++14";
				CLANG_CXX_LIBRARY = "libc++";
				CLANG_ENABLE_MODULES = YES;
				CLANG_ENABLE_OBJC_ARC = YES;
				CLANG_ENABLE_OBJC_WEAK = YES;
				CLANG_WARN_BLOCK_CAPTURE_AUTORELEASING = YES;
				CLANG_WARN_BOOL_CONVERSION = YES;
				CLANG_WARN_COMMA = YES;
				CLANG_WARN_CONSTANT_CONVERSION = YES;
				CLANG_WARN_DEPRECATED_OBJC_IMPLEMENTATIONS = YES;
				CLANG_WARN_DIRECT_OBJC_ISA_USAGE = YES_ERROR;
				CLANG_WARN_DOCUMENTATION_COMMENTS = YES;
				CLANG_WARN_EMPTY_BODY = YES;
				CLANG_WARN_ENUM_CONVERSION = YES;
				CLANG_WARN_INFINITE_RECURSION = YES;
				CLANG_WARN_INT_CONVERSION = YES;
				CLANG_WARN_NON_LITERAL_NULL_CONVERSION = YES;
				CLANG_WARN_OBJC_IMPLICIT_RETAIN_SELF = YES;
				CLANG_WARN_OBJC_LITERAL_CONVERSION = YES;
				CLANG_WARN_OBJC_ROOT_CLASS = YES_ERROR;
				CLANG_WARN_RANGE_LOOP_ANALYSIS = YES;
				CLANG_WARN_STRICT_PROTOTYPES = YES;
				CLANG_WARN_SUSPICIOUS_MOVE = YES;
				CLANG_WARN_UNGUARDED_AVAILABILITY = YES_AGGRESSIVE;
				CLANG_WARN_UNREACHABLE_CODE = YES;
				CLANG_WARN__DUPLICATE_METHOD_MATCH = YES;
				COPY_PHASE_STRIP = NO;
				DEBUG_INFORMATION_FORMAT = "dwarf-with-dsym";
				ENABLE_NS_ASSERTIONS = NO;
				ENABLE_STRICT_OBJC_MSGSEND = YES;
				GCC_C_LANGUAGE_STANDARD = gnu11;
				GCC_NO_COMMON_BLOCKS = YES;
				GCC_WARN_64_TO_32_BIT_CONVERSION = YES;
				GCC_WARN_ABOUT_RETURN_TYPE = YES_ERROR;
				GCC_WARN_UNDECLARED_SELECTOR = YES;
				GCC_WARN_UNINITIALIZED_AUTOS = YES_AGGRESSIVE;
				GCC_WARN_UNUSED_FUNCTION = YES;
				GCC_WARN_UNUSED_VARIABLE = YES;
				IPHONEOS_DEPLOYMENT_TARGET = 13.2;
				MTL_ENABLE_DEBUG_INFO = NO;
				MTL_FAST_MATH = YES;
				SDKROOT = iphoneos;
				SWIFT_COMPILATION_MODE = wholemodule;
				SWIFT_OPTIMIZATION_LEVEL = "-O";
				VALIDATE_PRODUCT = YES;
			};
			name = Release;
		};
		6D8393042416B95E00398C3C /* Debug */ = {
			isa = XCBuildConfiguration;
			baseConfigurationReference = 556020C5CEF3D7E1030635C2 /* Pods-Zoomies.debug.xcconfig */;
			buildSettings = {
				ASSETCATALOG_COMPILER_APPICON_NAME = AppIcon;
				CODE_SIGN_STYLE = Automatic;
				DEVELOPMENT_TEAM = GL869MT3HY;
				INFOPLIST_FILE = "$(SRCROOT)/Zoomies/Resources/Info.plist";
				LD_RUNPATH_SEARCH_PATHS = (
					"$(inherited)",
					"@executable_path/Frameworks",
				);
				PRODUCT_BUNDLE_IDENTIFIER = com.joncorn.PawPin;
				PRODUCT_NAME = Zoomies;
				SWIFT_VERSION = 5.0;
				TARGETED_DEVICE_FAMILY = "1,2";
			};
			name = Debug;
		};
		6D8393052416B95E00398C3C /* Release */ = {
			isa = XCBuildConfiguration;
			baseConfigurationReference = 97612753EA6FAD1A0C35BFA1 /* Pods-Zoomies.release.xcconfig */;
			buildSettings = {
				ASSETCATALOG_COMPILER_APPICON_NAME = AppIcon;
				CODE_SIGN_STYLE = Automatic;
				DEVELOPMENT_TEAM = GL869MT3HY;
				INFOPLIST_FILE = "$(SRCROOT)/Zoomies/Resources/Info.plist";
				LD_RUNPATH_SEARCH_PATHS = (
					"$(inherited)",
					"@executable_path/Frameworks",
				);
				PRODUCT_BUNDLE_IDENTIFIER = com.joncorn.PawPin;
				PRODUCT_NAME = Zoomies;
				SWIFT_VERSION = 5.0;
				TARGETED_DEVICE_FAMILY = "1,2";
			};
			name = Release;
		};
/* End XCBuildConfiguration section */

/* Begin XCConfigurationList section */
		6D8392EA2416B95A00398C3C /* Build configuration list for PBXProject "Zoomies" */ = {
			isa = XCConfigurationList;
			buildConfigurations = (
				6D8393012416B95E00398C3C /* Debug */,
				6D8393022416B95E00398C3C /* Release */,
			);
			defaultConfigurationIsVisible = 0;
			defaultConfigurationName = Release;
		};
		6D8393032416B95E00398C3C /* Build configuration list for PBXNativeTarget "Zoomies" */ = {
			isa = XCConfigurationList;
			buildConfigurations = (
				6D8393042416B95E00398C3C /* Debug */,
				6D8393052416B95E00398C3C /* Release */,
			);
			defaultConfigurationIsVisible = 0;
			defaultConfigurationName = Release;
		};
/* End XCConfigurationList section */
	};
	rootObject = 6D8392E72416B95A00398C3C /* Project object */;
}
